
Microsoft Visual Studio Solution File, Format Version 12.00
# Visual Studio Version 17
VisualStudioVersion = 17.7.34031.279
MinimumVisualStudioVersion = 10.0.40219.1
Project("{FAE04EC0-301F-11D3-BF4B-00C04F79EFBC}") = "WebAPI", "WebAPI.csproj", "{23B7D78B-7696-4545-ABEF-729EEBC926FA}"
EndProject
Global
	GlobalSection(SolutionConfigurationPlatforms) = preSolution
		Debug|Any CPU = Debug|Any CPU
		Release|Any CPU = Release|Any CPU
	EndGlobalSection
	GlobalSection(ProjectConfigurationPlatforms) = postSolution
		{23B7D78B-7696-4545-ABEF-729EEBC926FA}.Debug|Any CPU.ActiveCfg = Debug|Any CPU
		{23B7D78B-7696-4545-ABEF-729EEBC926FA}.Debug|Any CPU.Build.0 = Debug|Any CPU
		{23B7D78B-7696-4545-ABEF-729EEBC926FA}.Release|Any CPU.ActiveCfg = Release|Any CPU
		{23B7D78B-7696-4545-ABEF-729EEBC926FA}.Release|Any CPU.Build.0 = Release|Any CPU
	EndGlobalSection
	GlobalSection(SolutionProperties) = preSolution
		HideSolutionNode = FALSE
	EndGlobalSection
	GlobalSection(ExtensibilityGlobals) = postSolution
		SolutionGuid = {AD9CC631-80FE-4B2A-861B-B2C630DBC083}
	EndGlobalSection
EndGlobal
